# THIS IS AN AUTOGENERATED FILE. DO NOT EDIT THIS FILE DIRECTLY.
# yarn lockfile v1


"@types/chai@^4.2.3":
  version "4.2.15"
  resolved "https://registry.yarnpkg.com/@types/chai/-/chai-4.2.15.tgz#b7a6d263c2cecf44b6de9a051cf496249b154553"
  integrity sha512-rYff6FI+ZTKAPkJUoyz7Udq3GaoDZnxYDEvdEdFZASiA7PoErltHezDishqQiSDWrGxvxmplH304jyzQmjp0AQ==

"@types/fs-extra@^8.0.0":
  version "8.1.1"
  resolved "https://registry.yarnpkg.com/@types/fs-extra/-/fs-extra-8.1.1.tgz#1e49f22d09aa46e19b51c0b013cb63d0d923a068"
  integrity sha512-TcUlBem321DFQzBNuz8p0CLLKp0VvF/XH9E4KHNmgwyp4E3AfgI5cjiIVZWlbfThBop2qxFIh4+LeY6hVWWZ2w==
  dependencies:
    "@types/node" "*"

"@types/libsodium-wrappers@^0.7.9":
  version "0.7.9"
  resolved "https://registry.yarnpkg.com/@types/libsodium-wrappers/-/libsodium-wrappers-0.7.9.tgz#89c3ad2156d5143e64bce86cfeb0045a983aeccc"
  integrity sha512-LisgKLlYQk19baQwjkBZZXdJL0KbeTpdEnrAfz5hQACbklCY0gVFnsKUyjfNWF1UQsCSjw93Sj5jSbiO8RPfdw==

"@types/minimist@^1.2.0":
  version "1.2.1"
  resolved "https://registry.yarnpkg.com/@types/minimist/-/minimist-1.2.1.tgz#283f669ff76d7b8260df8ab7a4262cc83d988256"
  integrity sha512-fZQQafSREFyuZcdWFAExYjBiCL7AUCdgsk80iO0q4yihYYdcIiH28CcuPTGFgLOCC8RlW49GSQxdHwZP+I7CNg==

"@types/mocha@^5.2.7":
  version "5.2.7"
  resolved "https://registry.yarnpkg.com/@types/mocha/-/mocha-5.2.7.tgz#315d570ccb56c53452ff8638738df60726d5b6ea"
  integrity sha512-NYrtPht0wGzhwe9+/idPaBB+TqkY9AhTvOLMkThm0IoEfLaiVQZwBwyJ5puCkO3AUCWrmcoePjp2mbFocKy4SQ==

"@types/node@*":
  version "14.14.37"
  resolved "https://registry.yarnpkg.com/@types/node/-/node-14.14.37.tgz#a3dd8da4eb84a996c36e331df98d82abd76b516e"
  integrity sha512-XYmBiy+ohOR4Lh5jE379fV2IU+6Jn4g5qASinhitfyO71b/sCo6MKsMLF5tc7Zf2CE8hViVQyYSobJNke8OvUw==

"@types/node@^12.7.8":
  version "12.20.7"
  resolved "https://registry.yarnpkg.com/@types/node/-/node-12.20.7.tgz#1cb61fd0c85cb87e728c43107b5fd82b69bc9ef8"
  integrity sha512-gWL8VUkg8VRaCAUgG9WmhefMqHmMblxe2rVpMF86nZY/+ZysU+BkAp+3cz03AixWDSSz0ks5WX59yAhv/cDwFA==

"@types/source-map-support@^0.5.0":
  version "0.5.3"
  resolved "https://registry.yarnpkg.com/@types/source-map-support/-/source-map-support-0.5.3.tgz#acb6b3e499c20692552d16934c16162c84594e16"
  integrity sha512-fvjMjVH8Rmokw2dWh1dkj90iX5R8FPjeZzjNH+6eFXReh0QnHFf1YBl3B0CF0RohIAA3SDRJsGeeUWKl6d7HqA==
  dependencies:
    source-map "^0.6.0"

"@types/source-map@^0.5.7":
  version "0.5.7"
  resolved "https://registry.yarnpkg.com/@types/source-map/-/source-map-0.5.7.tgz#165eeb583c1ef00196fe4ef4da5d7832b03b275b"
  integrity sha512-LrnsgZIfJaysFkv9rRJp4/uAyqw87oVed3s1hhF83nwbo9c7MG9g5DqR0seHP+lkX4ldmMrVolPjQSe2ZfD0yA==
  dependencies:
    source-map "*"

buffer-from@^1.0.0:
  version "1.1.1"
  resolved "https://registry.yarnpkg.com/buffer-from/-/buffer-from-1.1.1.tgz#32713bc028f75c02fdb710d7c7bcec1f2c6070ef"
  integrity sha512-MQcXEUbCKtEo7bhqEs6560Hyd4XaovZlO/k9V3hjVUF/zwW7KBVdSK4gIt/bzwS9MbR5qob+F5jusZsb0YQK2A==

dart-style@^1.3.2-dev:
  version "1.3.2-dev"
  resolved "https://registry.yarnpkg.com/dart-style/-/dart-style-1.3.2-dev.tgz#d21a80ff0b7f9d800584ec6a6a659ac3242ac855"
  integrity sha512-NFI4UQYvG32t/cEkQAdkXT2ZT72tjF61tMWoALmnGwj03d2Co94zwGfbnFfdQUQvrhUNx8Wz2jKSVxGrmFaVJQ==

dart_js_facade_gen@^0.0.7:
  version "0.0.7"
  resolved "https://registry.yarnpkg.com/dart_js_facade_gen/-/dart_js_facade_gen-0.0.7.tgz#dd0bb8460f4cfe03725cf9735a27695fcce42a3e"
  integrity sha512-AZiWsccbzhgJWmBjbFTPuvBhwGXk7AN8nOP91/I8PqUfSvVALiWshDc66TvywNkdNogAE5X8zlxjodw1C3iHpA==
  dependencies:
    "@types/chai" "^4.2.3"
    "@types/fs-extra" "^8.0.0"
    "@types/minimist" "^1.2.0"
    "@types/mocha" "^5.2.7"
    "@types/node" "^12.7.8"
    "@types/source-map" "^0.5.7"
    "@types/source-map-support" "^0.5.0"
    dart-style "^1.3.2-dev"
    minimist "^1.2.0"
    source-map "^0.7.3"
    source-map-support "^0.5.13"
    typescript "^3.6.3"

libsodium-wrappers@^0.7.9:
  version "0.7.9"
  resolved "https://registry.yarnpkg.com/libsodium-wrappers/-/libsodium-wrappers-0.7.9.tgz#4ffc2b69b8f7c7c7c5594a93a4803f80f6d0f346"
  integrity sha512-9HaAeBGk1nKTRFRHkt7nzxqCvnkWTjn1pdjKgcUnZxj0FyOP4CnhgFhMdrFfgNsukijBGyBLpP2m2uKT1vuWhQ==
  dependencies:
    libsodium "^0.7.0"

libsodium@^0.7.0:
  version "0.7.9"
  resolved "https://registry.yarnpkg.com/libsodium/-/libsodium-0.7.9.tgz#4bb7bcbf662ddd920d8795c227ae25bbbfa3821b"
  integrity sha512-gfeADtR4D/CM0oRUviKBViMGXZDgnFdMKMzHsvBdqLBHd9ySi6EtYnmuhHVDDYgYpAO8eU8hEY+F8vIUAPh08A==

minimist@^1.2.0:
  version "1.2.5"
  resolved "https://registry.yarnpkg.com/minimist/-/minimist-1.2.5.tgz#67d66014b66a6a8aaa0c083c5fd58df4e4e97602"
  integrity sha512-FM9nNUYrRBAELZQT3xeZQ7fmMOBg6nWNmJKTcgsJeaLstP/UODVpGsr5OhXhhXg6f+qtJ8uiZ+PUxkDWcgIXLw==

source-map-support@^0.5.13:
  version "0.5.19"
  resolved "https://registry.yarnpkg.com/source-map-support/-/source-map-support-0.5.19.tgz#a98b62f86dcaf4f67399648c085291ab9e8fed61"
  integrity sha512-Wonm7zOCIJzBGQdB+thsPar0kYuCIzYvxZwlBa87yi/Mdjv7Tip2cyVbLj5o0cFPN4EVkuTwb3GDDyUx2DGnGw==
  dependencies:
    buffer-from "^1.0.0"
    source-map "^0.6.0"

source-map@*, source-map@^0.7.3:
  version "0.7.3"
  resolved "https://registry.yarnpkg.com/source-map/-/source-map-0.7.3.tgz#5302f8169031735226544092e64981f751750383"
  integrity sha512-CkCj6giN3S+n9qrYiBTX5gystlENnRW5jZeNLHpe6aue+SrHcG5VYwujhW9s4dY31mEGsxBDrHR6oI69fTXsaQ==

source-map@^0.6.0:
  version "0.6.1"
  resolved "https://registry.yarnpkg.com/source-map/-/source-map-0.6.1.tgz#74722af32e9614e9c287a8d0bbde48b5e2f1a263"
  integrity sha512-UjgapumWlbMhkBgzT7Ykc5YXUT46F0iKu8SGXq0bcwP5dz/h0Plj6enJqjz1Zbq2l5WaqYnrVbwWOWMyF3F47g==

typescript@^3.6.3:
  version "3.9.9"
  resolved "https://registry.yarnpkg.com/typescript/-/typescript-3.9.9.tgz#e69905c54bc0681d0518bd4d587cc6f2d0b1a674"
  integrity sha512-kdMjTiekY+z/ubJCATUPlRDl39vXYiMV9iyeMuEuXZh2we6zz80uovNN2WlAxmmdE/Z/YQe+EbOEXB5RHEED3w==

typescript@^4.2.3:
  version "4.2.3"
  resolved "https://registry.yarnpkg.com/typescript/-/typescript-4.2.3.tgz#39062d8019912d43726298f09493d598048c1ce3"
  integrity sha512-qOcYwxaByStAWrBf4x0fibwZvMRG+r4cQoTjbPtUlrWjBHbmCAww1i448U0GJ+3cNNEtebDteo/cHOR3xJ4wEw==
